
Microsoft Visual Studio Solution File, Format Version 12.00
# Visual Studio Version 17
VisualStudioVersion = 17.14.35906.104 d17.14
MinimumVisualStudioVersion = 10.0.40219.1
Project("{FAE04EC0-301F-11D3-BF4B-00C04F79EFBC}") = "ThreadsSemSessaoCritica", "ThreadsSemSessaoCritica\ThreadsSemSessaoCritica.csproj", "{196768DF-200E-47C0-87C1-0627909220CC}"
EndProject
Global
	GlobalSection(SolutionConfigurationPlatforms) = preSolution
		Debug|Any CPU = Debug|Any CPU
		Release|Any CPU = Release|Any CPU
	EndGlobalSection
	GlobalSection(ProjectConfigurationPlatforms) = postSolution
		{196768DF-200E-47C0-87C1-0627909220CC}.Debug|Any CPU.ActiveCfg = Debug|Any CPU
		{196768DF-200E-47C0-87C1-0627909220CC}.Debug|Any CPU.Build.0 = Debug|Any CPU
		{196768DF-200E-47C0-87C1-0627909220CC}.Release|Any CPU.ActiveCfg = Release|Any CPU
		{196768DF-200E-47C0-87C1-0627909220CC}.Release|Any CPU.Build.0 = Release|Any CPU
	EndGlobalSection
	GlobalSection(SolutionProperties) = preSolution
		HideSolutionNode = FALSE
	EndGlobalSection
	GlobalSection(ExtensibilityGlobals) = postSolution
		SolutionGuid = {93EB495F-AA2C-4BD9-83FB-28431651B1B6}
	EndGlobalSection
EndGlobal
